// !$*UTF8*$!
{
	archiveVersion = 1;
	classes = {
	};
	objectVersion = 48;
	objects = {

/* Begin PBXBuildFile section */
		775A49272046964A0068D768 /* AppDelegate.swift in Sources */ = {isa = PBXBuildFile; fileRef = 775A49262046964A0068D768 /* AppDelegate.swift */; };
		775A49292046964A0068D768 /* ViewController.swift in Sources */ = {isa = PBXBuildFile; fileRef = 775A49282046964A0068D768 /* ViewController.swift */; };
		775A492C2046964A0068D768 /* Main.storyboard in Resources */ = {isa = PBXBuildFile; fileRef = 775A492A2046964A0068D768 /* Main.storyboard */; };
		775A492E2046964A0068D768 /* Assets.xcassets in Resources */ = {isa = PBXBuildFile; fileRef = 775A492D2046964A0068D768 /* Assets.xcassets */; };
		775A49312046964A0068D768 /* LaunchScreen.storyboard in Resources */ = {isa = PBXBuildFile; fileRef = 775A492F2046964A0068D768 /* LaunchScreen.storyboard */; };
		775A493C2046964A0068D768 /* ________ProtocolOrientedArchitecturePractices_Tests.swift in Sources */ = {isa = PBXBuildFile; fileRef = 775A493B2046964A0068D768 /* ________ProtocolOrientedArchitecturePractices_Tests.swift */; };
		775A49472046964A0068D768 /* ________ProtocolOrientedArchitecturePractices_UITests.swift in Sources */ = {isa = PBXBuildFile; fileRef = 775A49462046964A0068D768 /* ________ProtocolOrientedArchitecturePractices_UITests.swift */; };
		775A4958204699C90068D768 /* SwitchWithTextTableViewCell.swift in Sources */ = {isa = PBXBuildFile; fileRef = 775A4956204699C90068D768 /* SwitchWithTextTableViewCell.swift */; };
		775A4959204699C90068D768 /* SwitchWithTextTableViewCell.xib in Resources */ = {isa = PBXBuildFile; fileRef = 775A4957204699C90068D768 /* SwitchWithTextTableViewCell.xib */; };
		775A495D20469F3F0068D768 /* ModelViewModel.swift in Sources */ = {isa = PBXBuildFile; fileRef = 775A495C20469F3F0068D768 /* ModelViewModel.swift */; };
		775A495F20469FF50068D768 /* SettingsViewController.swift in Sources */ = {isa = PBXBuildFile; fileRef = 775A495E20469FF50068D768 /* SettingsViewController.swift */; };
/* End PBXBuildFile section */

/* Begin PBXContainerItemProxy section */
		775A49382046964A0068D768 /* PBXContainerItemProxy */ = {
			isa = PBXContainerItemProxy;
			containerPortal = 775A491B204696490068D768 /* Project object */;
			proxyType = 1;
			remoteGlobalIDString = 775A49222046964A0068D768;
			remoteInfo = "面向协议架构实践ProtocolOrientedArchitecturePractices.";
		};
		775A49432046964A0068D768 /* PBXContainerItemProxy */ = {
			isa = PBXContainerItemProxy;
			containerPortal = 775A491B204696490068D768 /* Project object */;
			proxyType = 1;
			remoteGlobalIDString = 775A49222046964A0068D768;
			remoteInfo = "面向协议架构实践ProtocolOrientedArchitecturePractices.";
		};
/* End PBXContainerItemProxy section */

/* Begin PBXFileReference section */
		775A49232046964A0068D768 /* 面向协议架构实践ProtocolOrientedArchitecturePractices..app */ = {isa = PBXFileReference; explicitFileType = wrapper.application; includeInIndex = 0; path = "面向协议架构实践ProtocolOrientedArchitecturePractices..app"; sourceTree = BUILT_PRODUCTS_DIR; };
		775A49262046964A0068D768 /* AppDelegate.swift */ = {isa = PBXFileReference; lastKnownFileType = sourcecode.swift; path = AppDelegate.swift; sourceTree = "<group>"; };
		775A49282046964A0068D768 /* ViewController.swift */ = {isa = PBXFileReference; lastKnownFileType = sourcecode.swift; path = ViewController.swift; sourceTree = "<group>"; };
		775A492B2046964A0068D768 /* Base */ = {isa = PBXFileReference; lastKnownFileType = file.storyboard; name = Base; path = Base.lproj/Main.storyboard; sourceTree = "<group>"; };
		775A492D2046964A0068D768 /* Assets.xcassets */ = {isa = PBXFileReference; lastKnownFileType = folder.assetcatalog; path = Assets.xcassets; sourceTree = "<group>"; };
		775A49302046964A0068D768 /* Base */ = {isa = PBXFileReference; lastKnownFileType = file.storyboard; name = Base; path = Base.lproj/LaunchScreen.storyboard; sourceTree = "<group>"; };
		775A49322046964A0068D768 /* Info.plist */ = {isa = PBXFileReference; lastKnownFileType = text.plist.xml; path = Info.plist; sourceTree = "<group>"; };
		775A49372046964A0068D768 /* 面向协议架构实践ProtocolOrientedArchitecturePractices.Tests.xctest */ = {isa = PBXFileReference; explicitFileType = wrapper.cfbundle; includeInIndex = 0; path = "面向协议架构实践ProtocolOrientedArchitecturePractices.Tests.xctest"; sourceTree = BUILT_PRODUCTS_DIR; };
		775A493B2046964A0068D768 /* ________ProtocolOrientedArchitecturePractices_Tests.swift */ = {isa = PBXFileReference; lastKnownFileType = sourcecode.swift; path = "________ProtocolOrientedArchitecturePractices_Tests.swift"; sourceTree = "<group>"; };
		775A493D2046964A0068D768 /* Info.plist */ = {isa = PBXFileReference; lastKnownFileType = text.plist.xml; path = Info.plist; sourceTree = "<group>"; };
		775A49422046964A0068D768 /* 面向协议架构实践ProtocolOrientedArchitecturePractices.UITests.xctest */ = {isa = PBXFileReference; explicitFileType = wrapper.cfbundle; includeInIndex = 0; path = "面向协议架构实践ProtocolOrientedArchitecturePractices.UITests.xctest"; sourceTree = BUILT_PRODUCTS_DIR; };
		775A49462046964A0068D768 /* ________ProtocolOrientedArchitecturePractices_UITests.swift */ = {isa = PBXFileReference; lastKnownFileType = sourcecode.swift; path = "________ProtocolOrientedArchitecturePractices_UITests.swift"; sourceTree = "<group>"; };
		775A49482046964A0068D768 /* Info.plist */ = {isa = PBXFileReference; lastKnownFileType = text.plist.xml; path = Info.plist; sourceTree = "<group>"; };
		775A4956204699C90068D768 /* SwitchWithTextTableViewCell.swift */ = {isa = PBXFileReference; lastKnownFileType = sourcecode.swift; path = SwitchWithTextTableViewCell.swift; sourceTree = "<group>"; };
		775A4957204699C90068D768 /* SwitchWithTextTableViewCell.xib */ = {isa = PBXFileReference; lastKnownFileType = file.xib; path = SwitchWithTextTableViewCell.xib; sourceTree = "<group>"; };
		775A495C20469F3F0068D768 /* ModelViewModel.swift */ = {isa = PBXFileReference; lastKnownFileType = sourcecode.swift; path = ModelViewModel.swift; sourceTree = "<group>"; };
		775A495E20469FF50068D768 /* SettingsViewController.swift */ = {isa = PBXFileReference; lastKnownFileType = sourcecode.swift; path = SettingsViewController.swift; sourceTree = "<group>"; };
/* End PBXFileReference section */

/* Begin PBXFrameworksBuildPhase section */
		775A49202046964A0068D768 /* Frameworks */ = {
			isa = PBXFrameworksBuildPhase;
			buildActionMask = 2147483647;
			files = (
			);
			runOnlyForDeploymentPostprocessing = 0;
		};
		775A49342046964A0068D768 /* Frameworks */ = {
			isa = PBXFrameworksBuildPhase;
			buildActionMask = 2147483647;
			files = (
			);
			runOnlyForDeploymentPostprocessing = 0;
		};
		775A493F2046964A0068D768 /* Frameworks */ = {
			isa = PBXFrameworksBuildPhase;
			buildActionMask = 2147483647;
			files = (
			);
			runOnlyForDeploymentPostprocessing = 0;
		};
/* End PBXFrameworksBuildPhase section */

/* Begin PBXGroup section */
		775A491A204696490068D768 = {
			isa = PBXGroup;
			children = (
				775A49252046964A0068D768 /* 面向协议架构实践ProtocolOrientedArchitecturePractices. */,
				775A493A2046964A0068D768 /* 面向协议架构实践ProtocolOrientedArchitecturePractices.Tests */,
				775A49452046964A0068D768 /* 面向协议架构实践ProtocolOrientedArchitecturePractices.UITests */,
				775A49242046964A0068D768 /* Products */,
			);
			sourceTree = "<group>";
		};
		775A49242046964A0068D768 /* Products */ = {
			isa = PBXGroup;
			children = (
				775A49232046964A0068D768 /* 面向协议架构实践ProtocolOrientedArchitecturePractices..app */,
				775A49372046964A0068D768 /* 面向协议架构实践ProtocolOrientedArchitecturePractices.Tests.xctest */,
				775A49422046964A0068D768 /* 面向协议架构实践ProtocolOrientedArchitecturePractices.UITests.xctest */,
			);
			name = Products;
			sourceTree = "<group>";
		};
		775A49252046964A0068D768 /* 面向协议架构实践ProtocolOrientedArchitecturePractices. */ = {
			isa = PBXGroup;
			children = (
				775A49262046964A0068D768 /* AppDelegate.swift */,
				775A49282046964A0068D768 /* ViewController.swift */,
				775A495E20469FF50068D768 /* SettingsViewController.swift */,
				775A495B20469F210068D768 /* Model */,
				775A495A20469F120068D768 /* View */,
				775A492A2046964A0068D768 /* Main.storyboard */,
				775A492D2046964A0068D768 /* Assets.xcassets */,
				775A492F2046964A0068D768 /* LaunchScreen.storyboard */,
				775A49322046964A0068D768 /* Info.plist */,
			);
			path = "面向协议架构实践ProtocolOrientedArchitecturePractices.";
			sourceTree = "<group>";
		};
		775A493A2046964A0068D768 /* 面向协议架构实践ProtocolOrientedArchitecturePractices.Tests */ = {
			isa = PBXGroup;
			children = (
				775A493B2046964A0068D768 /* ________ProtocolOrientedArchitecturePractices_Tests.swift */,
				775A493D2046964A0068D768 /* Info.plist */,
			);
			path = "面向协议架构实践ProtocolOrientedArchitecturePractices.Tests";
			sourceTree = "<group>";
		};
		775A49452046964A0068D768 /* 面向协议架构实践ProtocolOrientedArchitecturePractices.UITests */ = {
			isa = PBXGroup;
			children = (
				775A49462046964A0068D768 /* ________ProtocolOrientedArchitecturePractices_UITests.swift */,
				775A49482046964A0068D768 /* Info.plist */,
			);
			path = "面向协议架构实践ProtocolOrientedArchitecturePractices.UITests";
			sourceTree = "<group>";
		};
		775A495A20469F120068D768 /* View */ = {
			isa = PBXGroup;
			children = (
				775A4956204699C90068D768 /* SwitchWithTextTableViewCell.swift */,
				775A4957204699C90068D768 /* SwitchWithTextTableViewCell.xib */,
			);
			path = View;
			sourceTree = "<group>";
		};
		775A495B20469F210068D768 /* Model */ = {
			isa = PBXGroup;
			children = (
				775A495C20469F3F0068D768 /* ModelViewModel.swift */,
			);
			path = Model;
			sourceTree = "<group>";
		};
/* End PBXGroup section */

/* Begin PBXNativeTarget section */
		775A49222046964A0068D768 /* 面向协议架构实践ProtocolOrientedArchitecturePractices. */ = {
			isa = PBXNativeTarget;
			buildConfigurationList = 775A494B2046964A0068D768 /* Build configuration list for PBXNativeTarget "面向协议架构实践ProtocolOrientedArchitecturePractices." */;
			buildPhases = (
				775A491F2046964A0068D768 /* Sources */,
				775A49202046964A0068D768 /* Frameworks */,
				775A49212046964A0068D768 /* Resources */,
			);
			buildRules = (
			);
			dependencies = (
			);
			name = "面向协议架构实践ProtocolOrientedArchitecturePractices.";
			productName = "面向协议架构实践ProtocolOrientedArchitecturePractices.";
			productReference = 775A49232046964A0068D768 /* 面向协议架构实践ProtocolOrientedArchitecturePractices..app */;
			productType = "com.apple.product-type.application";
		};
		775A49362046964A0068D768 /* 面向协议架构实践ProtocolOrientedArchitecturePractices.Tests */ = {
			isa = PBXNativeTarget;
			buildConfigurationList = 775A494E2046964A0068D768 /* Build configuration list for PBXNativeTarget "面向协议架构实践ProtocolOrientedArchitecturePractices.Tests" */;
			buildPhases = (
				775A49332046964A0068D768 /* Sources */,
				775A49342046964A0068D768 /* Frameworks */,
				775A49352046964A0068D768 /* Resources */,
			);
			buildRules = (
			);
			dependencies = (
				775A49392046964A0068D768 /* PBXTargetDependency */,
			);
			name = "面向协议架构实践ProtocolOrientedArchitecturePractices.Tests";
			productName = "面向协议架构实践ProtocolOrientedArchitecturePractices.Tests";
			productReference = 775A49372046964A0068D768 /* 面向协议架构实践ProtocolOrientedArchitecturePractices.Tests.xctest */;
			productType = "com.apple.product-type.bundle.unit-test";
		};
		775A49412046964A0068D768 /* 面向协议架构实践ProtocolOrientedArchitecturePractices.UITests */ = {
			isa = PBXNativeTarget;
			buildConfigurationList = 775A49512046964A0068D768 /* Build configuration list for PBXNativeTarget "面向协议架构实践ProtocolOrientedArchitecturePractices.UITests" */;
			buildPhases = (
				775A493E2046964A0068D768 /* Sources */,
				775A493F2046964A0068D768 /* Frameworks */,
				775A49402046964A0068D768 /* Resources */,
			);
			buildRules = (
			);
			dependencies = (
				775A49442046964A0068D768 /* PBXTargetDependency */,
			);
			name = "面向协议架构实践ProtocolOrientedArchitecturePractices.UITests";
			productName = "面向协议架构实践ProtocolOrientedArchitecturePractices.UITests";
			productReference = 775A49422046964A0068D768 /* 面向协议架构实践ProtocolOrientedArchitecturePractices.UITests.xctest */;
			productType = "com.apple.product-type.bundle.ui-testing";
		};
/* End PBXNativeTarget section */

/* Begin PBXProject section */
		775A491B204696490068D768 /* Project object */ = {
			isa = PBXProject;
			attributes = {
				LastSwiftUpdateCheck = 0920;
				LastUpgradeCheck = 0920;
				ORGANIZATIONNAME = DullDong;
				TargetAttributes = {
					775A49222046964A0068D768 = {
						CreatedOnToolsVersion = 9.2;
						ProvisioningStyle = Automatic;
					};
					775A49362046964A0068D768 = {
						CreatedOnToolsVersion = 9.2;
						ProvisioningStyle = Automatic;
						TestTargetID = 775A49222046964A0068D768;
					};
					775A49412046964A0068D768 = {
						CreatedOnToolsVersion = 9.2;
						ProvisioningStyle = Automatic;
						TestTargetID = 775A49222046964A0068D768;
					};
				};
			};
			buildConfigurationList = 775A491E2046964A0068D768 /* Build configuration list for PBXProject "面向协议架构实践ProtocolOrientedArchitecturePractices." */;
			compatibilityVersion = "Xcode 8.0";
			developmentRegion = en;
			hasScannedForEncodings = 0;
			knownRegions = (
				en,
				Base,
			);
			mainGroup = 775A491A204696490068D768;
			productRefGroup = 775A49242046964A0068D768 /* Products */;
			projectDirPath = "";
			projectRoot = "";
			targets = (
				775A49222046964A0068D768 /* 面向协议架构实践ProtocolOrientedArchitecturePractices. */,
				775A49362046964A0068D768 /* 面向协议架构实践ProtocolOrientedArchitecturePractices.Tests */,
				775A49412046964A0068D768 /* 面向协议架构实践ProtocolOrientedArchitecturePractices.UITests */,
			);
		};
/* End PBXProject section */

/* Begin PBXResourcesBuildPhase section */
		775A49212046964A0068D768 /* Resources */ = {
			isa = PBXResourcesBuildPhase;
			buildActionMask = 2147483647;
			files = (
				775A49312046964A0068D768 /* LaunchScreen.storyboard in Resources */,
				775A492E2046964A0068D768 /* Assets.xcassets in Resources */,
				775A4959204699C90068D768 /* SwitchWithTextTableViewCell.xib in Resources */,
				775A492C2046964A0068D768 /* Main.storyboard in Resources */,
			);
			runOnlyForDeploymentPostprocessing = 0;
		};
		775A49352046964A0068D768 /* Resources */ = {
			isa = PBXResourcesBuildPhase;
			buildActionMask = 2147483647;
			files = (
			);
			runOnlyForDeploymentPostprocessing = 0;
		};
		775A49402046964A0068D768 /* Resources */ = {
			isa = PBXResourcesBuildPhase;
			buildActionMask = 2147483647;
			files = (
			);
			runOnlyForDeploymentPostprocessing = 0;
		};
/* End PBXResourcesBuildPhase section */

/* Begin PBXSourcesBuildPhase section */
		775A491F2046964A0068D768 /* Sources */ = {
			isa = PBXSourcesBuildPhase;
			buildActionMask = 2147483647;
			files = (
				775A495D20469F3F0068D768 /* ModelViewModel.swift in Sources */,
				775A49292046964A0068D768 /* ViewController.swift in Sources */,
				775A4958204699C90068D768 /* SwitchWithTextTableViewCell.swift in Sources */,
				775A495F20469FF50068D768 /* SettingsViewController.swift in Sources */,
				775A49272046964A0068D768 /* AppDelegate.swift in Sources */,
			);
			runOnlyForDeploymentPostprocessing = 0;
		};
		775A49332046964A0068D768 /* Sources */ = {
			isa = PBXSourcesBuildPhase;
			buildActionMask = 2147483647;
			files = (
				775A493C2046964A0068D768 /* ________ProtocolOrientedArchitecturePractices_Tests.swift in Sources */,
			);
			runOnlyForDeploymentPostprocessing = 0;
		};
		775A493E2046964A0068D768 /* Sources */ = {
			isa = PBXSourcesBuildPhase;
			buildActionMask = 2147483647;
			files = (
				775A49472046964A0068D768 /* ________ProtocolOrientedArchitecturePractices_UITests.swift in Sources */,
			);
			runOnlyForDeploymentPostprocessing = 0;
		};
/* End PBXSourcesBuildPhase section */

/* Begin PBXTargetDependency section */
		775A49392046964A0068D768 /* PBXTargetDependency */ = {
			isa = PBXTargetDependency;
			target = 775A49222046964A0068D768 /* 面向协议架构实践ProtocolOrientedArchitecturePractices. */;
			targetProxy = 775A49382046964A0068D768 /* PBXContainerItemProxy */;
		};
		775A49442046964A0068D768 /* PBXTargetDependency */ = {
			isa = PBXTargetDependency;
			target = 775A49222046964A0068D768 /* 面向协议架构实践ProtocolOrientedArchitecturePractices. */;
			targetProxy = 775A49432046964A0068D768 /* PBXContainerItemProxy */;
		};
/* End PBXTargetDependency section */

/* Begin PBXVariantGroup section */
		775A492A2046964A0068D768 /* Main.storyboard */ = {
			isa = PBXVariantGroup;
			children = (
				775A492B2046964A0068D768 /* Base */,
			);
			name = Main.storyboard;
			sourceTree = "<group>";
		};
		775A492F2046964A0068D768 /* LaunchScreen.storyboard */ = {
			isa = PBXVariantGroup;
			children = (
				775A49302046964A0068D768 /* Base */,
			);
			name = LaunchScreen.storyboard;
			sourceTree = "<group>";
		};
/* End PBXVariantGroup section */

/* Begin XCBuildConfiguration section */
		775A49492046964A0068D768 /* Debug */ = {
			isa = XCBuildConfiguration;
			buildSettings = {
				ALWAYS_SEARCH_USER_PATHS = NO;
				CLANG_ANALYZER_NONNULL = YES;
				CLANG_ANALYZER_NUMBER_OBJECT_CONVERSION = YES_AGGRESSIVE;
				CLANG_CXX_LANGUAGE_STANDARD = "gnu++14";
				CLANG_CXX_LIBRARY = "libc++";
				CLANG_ENABLE_MODULES = YES;
				CLANG_ENABLE_OBJC_ARC = YES;
				CLANG_WARN_BLOCK_CAPTURE_AUTORELEASING = YES;
				CLANG_WARN_BOOL_CONVERSION = YES;
				CLANG_WARN_COMMA = YES;
				CLANG_WARN_CONSTANT_CONVERSION = YES;
				CLANG_WARN_DIRECT_OBJC_ISA_USAGE = YES_ERROR;
				CLANG_WARN_DOCUMENTATION_COMMENTS = YES;
				CLANG_WARN_EMPTY_BODY = YES;
				CLANG_WARN_ENUM_CONVERSION = YES;
				CLANG_WARN_INFINITE_RECURSION = YES;
				CLANG_WARN_INT_CONVERSION = YES;
				CLANG_WARN_NON_LITERAL_NULL_CONVERSION = YES;
				CLANG_WARN_OBJC_LITERAL_CONVERSION = YES;
				CLANG_WARN_OBJC_ROOT_CLASS = YES_ERROR;
				CLANG_WARN_RANGE_LOOP_ANALYSIS = YES;
				CLANG_WARN_STRICT_PROTOTYPES = YES;
				CLANG_WARN_SUSPICIOUS_MOVE = YES;
				CLANG_WARN_UNGUARDED_AVAILABILITY = YES_AGGRESSIVE;
				CLANG_WARN_UNREACHABLE_CODE = YES;
				CLANG_WARN__DUPLICATE_METHOD_MATCH = YES;
				CODE_SIGN_IDENTITY = "iPhone Developer";
				COPY_PHASE_STRIP = NO;
				DEBUG_INFORMATION_FORMAT = dwarf;
				ENABLE_STRICT_OBJC_MSGSEND = YES;
				ENABLE_TESTABILITY = YES;
				GCC_C_LANGUAGE_STANDARD = gnu11;
				GCC_DYNAMIC_NO_PIC = NO;
				GCC_NO_COMMON_BLOCKS = YES;
				GCC_OPTIMIZATION_LEVEL = 0;
				GCC_PREPROCESSOR_DEFINITIONS = (
					"DEBUG=1",
					"$(inherited)",
				);
				GCC_WARN_64_TO_32_BIT_CONVERSION = YES;
				GCC_WARN_ABOUT_RETURN_TYPE = YES_ERROR;
				GCC_WARN_UNDECLARED_SELECTOR = YES;
				GCC_WARN_UNINITIALIZED_AUTOS = YES_AGGRESSIVE;
				GCC_WARN_UNUSED_FUNCTION = YES;
				GCC_WARN_UNUSED_VARIABLE = YES;
				IPHONEOS_DEPLOYMENT_TARGET = 11.2;
				MTL_ENABLE_DEBUG_INFO = YES;
				ONLY_ACTIVE_ARCH = YES;
				SDKROOT = iphoneos;
				SWIFT_ACTIVE_COMPILATION_CONDITIONS = DEBUG;
				SWIFT_OPTIMIZATION_LEVEL = "-Onone";
			};
			name = Debug;
		};
		775A494A2046964A0068D768 /* Release */ = {
			isa = XCBuildConfiguration;
			buildSettings = {
				ALWAYS_SEARCH_USER_PATHS = NO;
				CLANG_ANALYZER_NONNULL = YES;
				CLANG_ANALYZER_NUMBER_OBJECT_CONVERSION = YES_AGGRESSIVE;
				CLANG_CXX_LANGUAGE_STANDARD = "gnu++14";
				CLANG_CXX_LIBRARY = "libc++";
				CLANG_ENABLE_MODULES = YES;
				CLANG_ENABLE_OBJC_ARC = YES;
				CLANG_WARN_BLOCK_CAPTURE_AUTORELEASING = YES;
				CLANG_WARN_BOOL_CONVERSION = YES;
				CLANG_WARN_COMMA = YES;
				CLANG_WARN_CONSTANT_CONVERSION = YES;
				CLANG_WARN_DIRECT_OBJC_ISA_USAGE = YES_ERROR;
				CLANG_WARN_DOCUMENTATION_COMMENTS = YES;
				CLANG_WARN_EMPTY_BODY = YES;
				CLANG_WARN_ENUM_CONVERSION = YES;
				CLANG_WARN_INFINITE_RECURSION = YES;
				CLANG_WARN_INT_CONVERSION = YES;
				CLANG_WARN_NON_LITERAL_NULL_CONVERSION = YES;
				CLANG_WARN_OBJC_LITERAL_CONVERSION = YES;
				CLANG_WARN_OBJC_ROOT_CLASS = YES_ERROR;
				CLANG_WARN_RANGE_LOOP_ANALYSIS = YES;
				CLANG_WARN_STRICT_PROTOTYPES = YES;
				CLANG_WARN_SUSPICIOUS_MOVE = YES;
				CLANG_WARN_UNGUARDED_AVAILABILITY = YES_AGGRESSIVE;
				CLANG_WARN_UNREACHABLE_CODE = YES;
				CLANG_WARN__DUPLICATE_METHOD_MATCH = YES;
				CODE_SIGN_IDENTITY = "iPhone Developer";
				COPY_PHASE_STRIP = NO;
				DEBUG_INFORMATION_FORMAT = "dwarf-with-dsym";
				ENABLE_NS_ASSERTIONS = NO;
				ENABLE_STRICT_OBJC_MSGSEND = YES;
				GCC_C_LANGUAGE_STANDARD = gnu11;
				GCC_NO_COMMON_BLOCKS = YES;
				GCC_WARN_64_TO_32_BIT_CONVERSION = YES;
				GCC_WARN_ABOUT_RETURN_TYPE = YES_ERROR;
				GCC_WARN_UNDECLARED_SELECTOR = YES;
				GCC_WARN_UNINITIALIZED_AUTOS = YES_AGGRESSIVE;
				GCC_WARN_UNUSED_FUNCTION = YES;
				GCC_WARN_UNUSED_VARIABLE = YES;
				IPHONEOS_DEPLOYMENT_TARGET = 11.2;
				MTL_ENABLE_DEBUG_INFO = NO;
				SDKROOT = iphoneos;
				SWIFT_OPTIMIZATION_LEVEL = "-Owholemodule";
				VALIDATE_PRODUCT = YES;
			};
			name = Release;
		};
		775A494C2046964A0068D768 /* Debug */ = {
			isa = XCBuildConfiguration;
			buildSettings = {
				ASSETCATALOG_COMPILER_APPICON_NAME = AppIcon;
				CODE_SIGN_STYLE = Automatic;
				DEVELOPMENT_TEAM = JJ6D8L57PH;
				INFOPLIST_FILE = "面向协议架构实践ProtocolOrientedArchitecturePractices./Info.plist";
				LD_RUNPATH_SEARCH_PATHS = "$(inherited) @executable_path/Frameworks";
				PRODUCT_BUNDLE_IDENTIFIER = "com.touchspring.ProtocolOrientedArchitecturePractices-";
				PRODUCT_NAME = "$(TARGET_NAME)";
				SWIFT_VERSION = 4.0;
				TARGETED_DEVICE_FAMILY = "1,2";
			};
			name = Debug;
		};
		775A494D2046964A0068D768 /* Release */ = {
			isa = XCBuildConfiguration;
			buildSettings = {
				ASSETCATALOG_COMPILER_APPICON_NAME = AppIcon;
				CODE_SIGN_STYLE = Automatic;
				DEVELOPMENT_TEAM = JJ6D8L57PH;
				INFOPLIST_FILE = "面向协议架构实践ProtocolOrientedArchitecturePractices./Info.plist";
				LD_RUNPATH_SEARCH_PATHS = "$(inherited) @executable_path/Frameworks";
				PRODUCT_BUNDLE_IDENTIFIER = "com.touchspring.ProtocolOrientedArchitecturePractices-";
				PRODUCT_NAME = "$(TARGET_NAME)";
				SWIFT_VERSION = 4.0;
				TARGETED_DEVICE_FAMILY = "1,2";
			};
			name = Release;
		};
		775A494F2046964A0068D768 /* Debug */ = {
			isa = XCBuildConfiguration;
			buildSettings = {
				ALWAYS_EMBED_SWIFT_STANDARD_LIBRARIES = YES;
				BUNDLE_LOADER = "$(TEST_HOST)";
				CODE_SIGN_STYLE = Automatic;
				INFOPLIST_FILE = "面向协议架构实践ProtocolOrientedArchitecturePractices.Tests/Info.plist";
				LD_RUNPATH_SEARCH_PATHS = "$(inherited) @executable_path/Frameworks @loader_path/Frameworks";
				PRODUCT_BUNDLE_IDENTIFIER = "com.touchspring.--------ProtocolOrientedArchitecturePractices-Tests";
				PRODUCT_NAME = "$(TARGET_NAME)";
				SWIFT_VERSION = 4.0;
				TARGETED_DEVICE_FAMILY = "1,2";
				TEST_HOST = "$(BUILT_PRODUCTS_DIR)/面向协议架构实践ProtocolOrientedArchitecturePractices..app/面向协议架构实践ProtocolOrientedArchitecturePractices.";
			};
			name = Debug;
		};
		775A49502046964A0068D768 /* Release */ = {
			isa = XCBuildConfiguration;
			buildSettings = {
				ALWAYS_EMBED_SWIFT_STANDARD_LIBRARIES = YES;
				BUNDLE_LOADER = "$(TEST_HOST)";
				CODE_SIGN_STYLE = Automatic;
				INFOPLIST_FILE = "面向协议架构实践ProtocolOrientedArchitecturePractices.Tests/Info.plist";
				LD_RUNPATH_SEARCH_PATHS = "$(inherited) @executable_path/Frameworks @loader_path/Frameworks";
				PRODUCT_BUNDLE_IDENTIFIER = "com.touchspring.--------ProtocolOrientedArchitecturePractices-Tests";
				PRODUCT_NAME = "$(TARGET_NAME)";
				SWIFT_VERSION = 4.0;
				TARGETED_DEVICE_FAMILY = "1,2";
				TEST_HOST = "$(BUILT_PRODUCTS_DIR)/面向协议架构实践ProtocolOrientedArchitecturePractices..app/面向协议架构实践ProtocolOrientedArchitecturePractices.";
			};
			name = Release;
		};
		775A49522046964A0068D768 /* Debug */ = {
			isa = XCBuildConfiguration;
			buildSettings = {
				ALWAYS_EMBED_SWIFT_STANDARD_LIBRARIES = YES;
				CODE_SIGN_STYLE = Automatic;
				INFOPLIST_FILE = "面向协议架构实践ProtocolOrientedArchitecturePractices.UITests/Info.plist";
				LD_RUNPATH_SEARCH_PATHS = "$(inherited) @executable_path/Frameworks @loader_path/Frameworks";
				PRODUCT_BUNDLE_IDENTIFIER = "com.touchspring.--------ProtocolOrientedArchitecturePractices-UITests";
				PRODUCT_NAME = "$(TARGET_NAME)";
				SWIFT_VERSION = 4.0;
				TARGETED_DEVICE_FAMILY = "1,2";
				TEST_TARGET_NAME = "面向协议架构实践ProtocolOrientedArchitecturePractices.";
			};
			name = Debug;
		};
		775A49532046964A0068D768 /* Release */ = {
			isa = XCBuildConfiguration;
			buildSettings = {
				ALWAYS_EMBED_SWIFT_STANDARD_LIBRARIES = YES;
				CODE_SIGN_STYLE = Automatic;
				INFOPLIST_FILE = "面向协议架构实践ProtocolOrientedArchitecturePractices.UITests/Info.plist";
				LD_RUNPATH_SEARCH_PATHS = "$(inherited) @executable_path/Frameworks @loader_path/Frameworks";
				PRODUCT_BUNDLE_IDENTIFIER = "com.touchspring.--------ProtocolOrientedArchitecturePractices-UITests";
				PRODUCT_NAME = "$(TARGET_NAME)";
				SWIFT_VERSION = 4.0;
				TARGETED_DEVICE_FAMILY = "1,2";
				TEST_TARGET_NAME = "面向协议架构实践ProtocolOrientedArchitecturePractices.";
			};
			name = Release;
		};
/* End XCBuildConfiguration section */

/* Begin XCConfigurationList section */
		775A491E2046964A0068D768 /* Build configuration list for PBXProject "面向协议架构实践ProtocolOrientedArchitecturePractices." */ = {
			isa = XCConfigurationList;
			buildConfigurations = (
				775A49492046964A0068D768 /* Debug */,
				775A494A2046964A0068D768 /* Release */,
			);
			defaultConfigurationIsVisible = 0;
			defaultConfigurationName = Release;
		};
		775A494B2046964A0068D768 /* Build configuration list for PBXNativeTarget "面向协议架构实践ProtocolOrientedArchitecturePractices." */ = {
			isa = XCConfigurationList;
			buildConfigurations = (
				775A494C2046964A0068D768 /* Debug */,
				775A494D2046964A0068D768 /* Release */,
			);
			defaultConfigurationIsVisible = 0;
			defaultConfigurationName = Release;
		};
		775A494E2046964A0068D768 /* Build configuration list for PBXNativeTarget "面向协议架构实践ProtocolOrientedArchitecturePractices.Tests" */ = {
			isa = XCConfigurationList;
			buildConfigurations = (
				775A494F2046964A0068D768 /* Debug */,
				775A49502046964A0068D768 /* Release */,
			);
			defaultConfigurationIsVisible = 0;
			defaultConfigurationName = Release;
		};
		775A49512046964A0068D768 /* Build configuration list for PBXNativeTarget "面向协议架构实践ProtocolOrientedArchitecturePractices.UITests" */ = {
			isa = XCConfigurationList;
			buildConfigurations = (
				775A49522046964A0068D768 /* Debug */,
				775A49532046964A0068D768 /* Release */,
			);
			defaultConfigurationIsVisible = 0;
			defaultConfigurationName = Release;
		};
/* End XCConfigurationList section */
	};
	rootObject = 775A491B204696490068D768 /* Project object */;
}
